
Microsoft Visual Studio Solution File, Format Version 12.00
# Visual Studio Version 17
VisualStudioVersion = 17.13.35806.99 d17.13
MinimumVisualStudioVersion = 10.0.40219.1
Project("{FAE04EC0-301F-11D3-BF4B-00C04F79EFBC}") = "practica_en_casa", "practica_en_casa\practica_en_casa.csproj", "{CBEAD760-F573-4471-BE0F-1FC8164CE5E9}"
EndProject
Global
	GlobalSection(SolutionConfigurationPlatforms) = preSolution
		Debug|Any CPU = Debug|Any CPU
		Release|Any CPU = Release|Any CPU
	EndGlobalSection
	GlobalSection(ProjectConfigurationPlatforms) = postSolution
		{CBEAD760-F573-4471-BE0F-1FC8164CE5E9}.Debug|Any CPU.ActiveCfg = Debug|Any CPU
		{CBEAD760-F573-4471-BE0F-1FC8164CE5E9}.Debug|Any CPU.Build.0 = Debug|Any CPU
		{CBEAD760-F573-4471-BE0F-1FC8164CE5E9}.Release|Any CPU.ActiveCfg = Release|Any CPU
		{CBEAD760-F573-4471-BE0F-1FC8164CE5E9}.Release|Any CPU.Build.0 = Release|Any CPU
	EndGlobalSection
	GlobalSection(SolutionProperties) = preSolution
		HideSolutionNode = FALSE
	EndGlobalSection
	GlobalSection(ExtensibilityGlobals) = postSolution
		SolutionGuid = {D2574621-B5F9-482A-92F2-929FE775D88A}
	EndGlobalSection
EndGlobal
